
Microsoft Visual Studio Solution File, Format Version 12.00
# Visual Studio Version 17
VisualStudioVersion = 17.10.35027.167
MinimumVisualStudioVersion = 10.0.40219.1
Project("{FAE04EC0-301F-11D3-BF4B-00C04F79EFBC}") = "Akıllı Garaj Proje", "Akıllı Garaj Proje\Akıllı Garaj Proje.csproj", "{BB824F2F-FBA1-4095-9BCA-4BB83DBE1084}"
EndProject
Global
	GlobalSection(SolutionConfigurationPlatforms) = preSolution
		Debug|Any CPU = Debug|Any CPU
		Release|Any CPU = Release|Any CPU
	EndGlobalSection
	GlobalSection(ProjectConfigurationPlatforms) = postSolution
		{BB824F2F-FBA1-4095-9BCA-4BB83DBE1084}.Debug|Any CPU.ActiveCfg = Debug|Any CPU
		{BB824F2F-FBA1-4095-9BCA-4BB83DBE1084}.Debug|Any CPU.Build.0 = Debug|Any CPU
		{BB824F2F-FBA1-4095-9BCA-4BB83DBE1084}.Release|Any CPU.ActiveCfg = Release|Any CPU
		{BB824F2F-FBA1-4095-9BCA-4BB83DBE1084}.Release|Any CPU.Build.0 = Release|Any CPU
	EndGlobalSection
	GlobalSection(SolutionProperties) = preSolution
		HideSolutionNode = FALSE
	EndGlobalSection
	GlobalSection(ExtensibilityGlobals) = postSolution
		SolutionGuid = {D6688926-6F12-4DB7-803D-F5552D000CAC}
	EndGlobalSection
EndGlobal
